
Microsoft Visual Studio Solution File, Format Version 12.00
# Visual Studio Version 17
VisualStudioVersion = 17.2.32526.322
MinimumVisualStudioVersion = 10.0.40219.1
Project("{FAE04EC0-301F-11D3-BF4B-00C04F79EFBC}") = "Level 25 Packing Inventory", "Level 25 Packing Inventory\Level 25 Packing Inventory.csproj", "{B0D6715F-3D29-44D3-BA4B-FF00A3EC57C8}"
EndProject
Global
	GlobalSection(SolutionConfigurationPlatforms) = preSolution
		Debug|Any CPU = Debug|Any CPU
		Release|Any CPU = Release|Any CPU
	EndGlobalSection
	GlobalSection(ProjectConfigurationPlatforms) = postSolution
		{B0D6715F-3D29-44D3-BA4B-FF00A3EC57C8}.Debug|Any CPU.ActiveCfg = Debug|Any CPU
		{B0D6715F-3D29-44D3-BA4B-FF00A3EC57C8}.Debug|Any CPU.Build.0 = Debug|Any CPU
		{B0D6715F-3D29-44D3-BA4B-FF00A3EC57C8}.Release|Any CPU.ActiveCfg = Release|Any CPU
		{B0D6715F-3D29-44D3-BA4B-FF00A3EC57C8}.Release|Any CPU.Build.0 = Release|Any CPU
	EndGlobalSection
	GlobalSection(SolutionProperties) = preSolution
		HideSolutionNode = FALSE
	EndGlobalSection
	GlobalSection(ExtensibilityGlobals) = postSolution
		SolutionGuid = {378A732C-A6C4-4BE5-B8AB-91C8BE5965B8}
	EndGlobalSection
EndGlobal
